
Microsoft Visual Studio Solution File, Format Version 12.00
Project("{FAE04EC0-301F-11D3-BF4B-00C04F79EFBC}") = "RpgCombat01.Test", "RpgCombat01.Test\RpgCombat01.Test.csproj", "{BBEFA0F4-DCDC-4547-B647-205A480DBB3E}"
EndProject
Project("{FAE04EC0-301F-11D3-BF4B-00C04F79EFBC}") = "RpgCombat01", "RpgCombat01\RpgCombat01.csproj", "{2736A86F-B79E-40F0-8C1B-21E44BFAB19C}"
EndProject
Project("{FAE04EC0-301F-11D3-BF4B-00C04F79EFBC}") = "RpgCombat02.Test", "RpgCombat02.Test\RpgCombat02.Test.csproj", "{963FAFEA-09E1-4547-8BD5-8161E0695BC3}"
EndProject
Project("{FAE04EC0-301F-11D3-BF4B-00C04F79EFBC}") = "RpgCombat02", "RpgCombat02\RpgCombat02.csproj", "{A4E14BF2-07E8-4B65-A95E-7CD3782DE033}"
EndProject
Project("{FAE04EC0-301F-11D3-BF4B-00C04F79EFBC}") = "RpgCombat03", "RpgCombat03\RpgCombat03.csproj", "{A2906802-3AC5-49E5-AAAC-65067EF929D6}"
EndProject
Project("{FAE04EC0-301F-11D3-BF4B-00C04F79EFBC}") = "RpgCombat03.Test", "RpgCombat03.Test\RpgCombat03.Test.csproj", "{4D48E25F-FDE9-4298-8A30-16B9C18703E2}"
EndProject
Global
	GlobalSection(SolutionConfigurationPlatforms) = preSolution
		Debug|Any CPU = Debug|Any CPU
		Release|Any CPU = Release|Any CPU
	EndGlobalSection
	GlobalSection(ProjectConfigurationPlatforms) = postSolution
		{BBEFA0F4-DCDC-4547-B647-205A480DBB3E}.Debug|Any CPU.ActiveCfg = Debug|Any CPU
		{BBEFA0F4-DCDC-4547-B647-205A480DBB3E}.Debug|Any CPU.Build.0 = Debug|Any CPU
		{BBEFA0F4-DCDC-4547-B647-205A480DBB3E}.Release|Any CPU.ActiveCfg = Release|Any CPU
		{BBEFA0F4-DCDC-4547-B647-205A480DBB3E}.Release|Any CPU.Build.0 = Release|Any CPU
		{2736A86F-B79E-40F0-8C1B-21E44BFAB19C}.Debug|Any CPU.ActiveCfg = Debug|Any CPU
		{2736A86F-B79E-40F0-8C1B-21E44BFAB19C}.Debug|Any CPU.Build.0 = Debug|Any CPU
		{2736A86F-B79E-40F0-8C1B-21E44BFAB19C}.Release|Any CPU.ActiveCfg = Release|Any CPU
		{2736A86F-B79E-40F0-8C1B-21E44BFAB19C}.Release|Any CPU.Build.0 = Release|Any CPU
		{963FAFEA-09E1-4547-8BD5-8161E0695BC3}.Debug|Any CPU.ActiveCfg = Debug|Any CPU
		{963FAFEA-09E1-4547-8BD5-8161E0695BC3}.Debug|Any CPU.Build.0 = Debug|Any CPU
		{963FAFEA-09E1-4547-8BD5-8161E0695BC3}.Release|Any CPU.ActiveCfg = Release|Any CPU
		{963FAFEA-09E1-4547-8BD5-8161E0695BC3}.Release|Any CPU.Build.0 = Release|Any CPU
		{A4E14BF2-07E8-4B65-A95E-7CD3782DE033}.Debug|Any CPU.ActiveCfg = Debug|Any CPU
		{A4E14BF2-07E8-4B65-A95E-7CD3782DE033}.Debug|Any CPU.Build.0 = Debug|Any CPU
		{A4E14BF2-07E8-4B65-A95E-7CD3782DE033}.Release|Any CPU.ActiveCfg = Release|Any CPU
		{A4E14BF2-07E8-4B65-A95E-7CD3782DE033}.Release|Any CPU.Build.0 = Release|Any CPU
		{A2906802-3AC5-49E5-AAAC-65067EF929D6}.Debug|Any CPU.ActiveCfg = Debug|Any CPU
		{A2906802-3AC5-49E5-AAAC-65067EF929D6}.Debug|Any CPU.Build.0 = Debug|Any CPU
		{A2906802-3AC5-49E5-AAAC-65067EF929D6}.Release|Any CPU.ActiveCfg = Release|Any CPU
		{A2906802-3AC5-49E5-AAAC-65067EF929D6}.Release|Any CPU.Build.0 = Release|Any CPU
		{4D48E25F-FDE9-4298-8A30-16B9C18703E2}.Debug|Any CPU.ActiveCfg = Debug|Any CPU
		{4D48E25F-FDE9-4298-8A30-16B9C18703E2}.Debug|Any CPU.Build.0 = Debug|Any CPU
		{4D48E25F-FDE9-4298-8A30-16B9C18703E2}.Release|Any CPU.ActiveCfg = Release|Any CPU
		{4D48E25F-FDE9-4298-8A30-16B9C18703E2}.Release|Any CPU.Build.0 = Release|Any CPU
	EndGlobalSection
EndGlobal
